
Microsoft Visual Studio Solution File, Format Version 12.00
# Visual Studio 15
VisualStudioVersion = 15.0.28010.2050
MinimumVisualStudioVersion = 10.0.40219.1
Project("{FAE04EC0-301F-11D3-BF4B-00C04F79EFBC}") = "NexusProductAPI", "NexusProductAPI\NexusProductAPI.csproj", "{0B5805F4-C7D2-4598-81B4-C6A4F369FA58}"
EndProject
Global
	GlobalSection(SolutionConfigurationPlatforms) = preSolution
		Debug|Any CPU = Debug|Any CPU
		Release|Any CPU = Release|Any CPU
	EndGlobalSection
	GlobalSection(ProjectConfigurationPlatforms) = postSolution
		{0B5805F4-C7D2-4598-81B4-C6A4F369FA58}.Debug|Any CPU.ActiveCfg = Debug|Any CPU
		{0B5805F4-C7D2-4598-81B4-C6A4F369FA58}.Debug|Any CPU.Build.0 = Debug|Any CPU
		{0B5805F4-C7D2-4598-81B4-C6A4F369FA58}.Release|Any CPU.ActiveCfg = Release|Any CPU
		{0B5805F4-C7D2-4598-81B4-C6A4F369FA58}.Release|Any CPU.Build.0 = Release|Any CPU
	EndGlobalSection
	GlobalSection(SolutionProperties) = preSolution
		HideSolutionNode = FALSE
	EndGlobalSection
	GlobalSection(ExtensibilityGlobals) = postSolution
		SolutionGuid = {4F5D39E6-F20C-49F2-81F1-69792C30D64A}
	EndGlobalSection
EndGlobal
